
Microsoft Visual Studio Solution File, Format Version 12.00
# Visual Studio 15
VisualStudioVersion = 15.0.28307.438
MinimumVisualStudioVersion = 10.0.40219.1
Project("{9A19103F-16F7-4668-BE54-9A1E7A4F7556}") = "BookManager", "BookManager\BookManager.csproj", "{2C830B9E-66BA-4E2C-9C11-493FC15B9E06}"
EndProject
Project("{FAE04EC0-301F-11D3-BF4B-00C04F79EFBC}") = "CollorBalls", "CollorBalls\CollorBalls.csproj", "{423D2B20-D02A-4E6E-AEF7-601F457F8777}"
EndProject
Project("{FAE04EC0-301F-11D3-BF4B-00C04F79EFBC}") = "ColorBalls", "ColorBalls\ColorBalls.csproj", "{8832501B-0D19-44CC-8DFA-C594EF5A74E6}"
EndProject
Global
	GlobalSection(SolutionConfigurationPlatforms) = preSolution
		Debug|Any CPU = Debug|Any CPU
		Release|Any CPU = Release|Any CPU
	EndGlobalSection
	GlobalSection(ProjectConfigurationPlatforms) = postSolution
		{2C830B9E-66BA-4E2C-9C11-493FC15B9E06}.Debug|Any CPU.ActiveCfg = Debug|Any CPU
		{2C830B9E-66BA-4E2C-9C11-493FC15B9E06}.Debug|Any CPU.Build.0 = Debug|Any CPU
		{2C830B9E-66BA-4E2C-9C11-493FC15B9E06}.Release|Any CPU.ActiveCfg = Release|Any CPU
		{2C830B9E-66BA-4E2C-9C11-493FC15B9E06}.Release|Any CPU.Build.0 = Release|Any CPU
		{423D2B20-D02A-4E6E-AEF7-601F457F8777}.Debug|Any CPU.ActiveCfg = Debug|Any CPU
		{423D2B20-D02A-4E6E-AEF7-601F457F8777}.Debug|Any CPU.Build.0 = Debug|Any CPU
		{423D2B20-D02A-4E6E-AEF7-601F457F8777}.Release|Any CPU.ActiveCfg = Release|Any CPU
		{423D2B20-D02A-4E6E-AEF7-601F457F8777}.Release|Any CPU.Build.0 = Release|Any CPU
		{8832501B-0D19-44CC-8DFA-C594EF5A74E6}.Debug|Any CPU.ActiveCfg = Debug|Any CPU
		{8832501B-0D19-44CC-8DFA-C594EF5A74E6}.Debug|Any CPU.Build.0 = Debug|Any CPU
		{8832501B-0D19-44CC-8DFA-C594EF5A74E6}.Release|Any CPU.ActiveCfg = Release|Any CPU
		{8832501B-0D19-44CC-8DFA-C594EF5A74E6}.Release|Any CPU.Build.0 = Release|Any CPU
	EndGlobalSection
	GlobalSection(SolutionProperties) = preSolution
		HideSolutionNode = FALSE
	EndGlobalSection
	GlobalSection(ExtensibilityGlobals) = postSolution
		SolutionGuid = {03D49F12-6159-435D-94B6-B98632DFFF61}
	EndGlobalSection
EndGlobal
